{
  "name": "superellipse",
  "version": "1.0.0",
  "lockfileVersion": 1,
  "requires": true,
  "dependencies": {
    "figma-squircle": {
      "version": "0.3.0",
      "resolved": "https://registry.npmjs.org/figma-squircle/-/figma-squircle-0.3.0.tgz",
      "integrity": "sha512-E75UbUSJyqJ+3Zzn68La0/tXvxtJDDmaivh5q+FC7+z4PoLHbzshMIbT8WtfvUafF4JAzbyT7RsOQbqmGxlMrA=="
    }
  }
}
